
Microsoft Visual Studio Solution File, Format Version 12.00
# Visual Studio Version 17
VisualStudioVersion = 17.14.36119.2
MinimumVisualStudioVersion = 10.0.40219.1
Project("{FAE04EC0-301F-11D3-BF4B-00C04F79EFBC}") = "BlogProject", "BlogProject\BlogProject.csproj", "{3CD483B5-FEE5-4DA5-B3C5-E82E8667B65F}"
EndProject
Global
	GlobalSection(SolutionConfigurationPlatforms) = preSolution
		Debug|Any CPU = Debug|Any CPU
		Release|Any CPU = Release|Any CPU
	EndGlobalSection
	GlobalSection(ProjectConfigurationPlatforms) = postSolution
		{3CD483B5-FEE5-4DA5-B3C5-E82E8667B65F}.Debug|Any CPU.ActiveCfg = Debug|Any CPU
		{3CD483B5-FEE5-4DA5-B3C5-E82E8667B65F}.Debug|Any CPU.Build.0 = Debug|Any CPU
		{3CD483B5-FEE5-4DA5-B3C5-E82E8667B65F}.Release|Any CPU.ActiveCfg = Release|Any CPU
		{3CD483B5-FEE5-4DA5-B3C5-E82E8667B65F}.Release|Any CPU.Build.0 = Release|Any CPU
	EndGlobalSection
	GlobalSection(SolutionProperties) = preSolution
		HideSolutionNode = FALSE
	EndGlobalSection
	GlobalSection(ExtensibilityGlobals) = postSolution
		SolutionGuid = {75CFF4A7-E12E-48F1-AB4B-DA4E6EA2B670}
	EndGlobalSection
EndGlobal
